
Microsoft Visual Studio Solution File, Format Version 12.00
# Visual Studio Version 17
VisualStudioVersion = 17.2.32630.192
MinimumVisualStudioVersion = 10.0.40219.1
Project("{FAE04EC0-301F-11D3-BF4B-00C04F79EFBC}") = "CarRentBackend", "CarRentBackend\CarRentBackend.csproj", "{E2F0BA9F-4BCB-466C-9FFA-5931A96B4F5A}"
EndProject
Global
	GlobalSection(SolutionConfigurationPlatforms) = preSolution
		Debug|Any CPU = Debug|Any CPU
		Release|Any CPU = Release|Any CPU
	EndGlobalSection
	GlobalSection(ProjectConfigurationPlatforms) = postSolution
		{E2F0BA9F-4BCB-466C-9FFA-5931A96B4F5A}.Debug|Any CPU.ActiveCfg = Debug|Any CPU
		{E2F0BA9F-4BCB-466C-9FFA-5931A96B4F5A}.Debug|Any CPU.Build.0 = Debug|Any CPU
		{E2F0BA9F-4BCB-466C-9FFA-5931A96B4F5A}.Release|Any CPU.ActiveCfg = Release|Any CPU
		{E2F0BA9F-4BCB-466C-9FFA-5931A96B4F5A}.Release|Any CPU.Build.0 = Release|Any CPU
	EndGlobalSection
	GlobalSection(SolutionProperties) = preSolution
		HideSolutionNode = FALSE
	EndGlobalSection
	GlobalSection(ExtensibilityGlobals) = postSolution
		SolutionGuid = {D51C058B-1E95-4A8D-BFF3-B62284D25E29}
	EndGlobalSection
EndGlobal
